
Microsoft Visual Studio Solution File, Format Version 12.00
# Visual Studio Version 17
VisualStudioVersion = 17.10.34928.147
MinimumVisualStudioVersion = 10.0.40219.1
Project("{9A19103F-16F7-4668-BE54-9A1E7A4F7556}") = "OnlineStore.Domain", "OnlineStore.Domain\OnlineStore.Domain.csproj", "{B8FA83C0-94F6-445D-AE62-B03466BE6630}"
EndProject
Project("{9A19103F-16F7-4668-BE54-9A1E7A4F7556}") = "OnlineStore.Application", "OnlineStore.Application\OnlineStore.Application.csproj", "{11110B7A-53B8-4A11-A0AE-457E1F787635}"
EndProject
Project("{9A19103F-16F7-4668-BE54-9A1E7A4F7556}") = "OnlineStore.Infrastructure", "OnlineStore.Infrastructure\OnlineStore.Infrastructure.csproj", "{D34212C4-8E17-4BEB-8623-935E4E17A14A}"
EndProject
Project("{9A19103F-16F7-4668-BE54-9A1E7A4F7556}") = "OnlineStore.API", "OnlineStore.API\OnlineStore.API.csproj", "{EB79C227-04BD-43CF-914D-19FADC3097ED}"
EndProject
Global
	GlobalSection(SolutionConfigurationPlatforms) = preSolution
		Debug|Any CPU = Debug|Any CPU
		Release|Any CPU = Release|Any CPU
	EndGlobalSection
	GlobalSection(ProjectConfigurationPlatforms) = postSolution
		{B8FA83C0-94F6-445D-AE62-B03466BE6630}.Debug|Any CPU.ActiveCfg = Debug|Any CPU
		{B8FA83C0-94F6-445D-AE62-B03466BE6630}.Debug|Any CPU.Build.0 = Debug|Any CPU
		{B8FA83C0-94F6-445D-AE62-B03466BE6630}.Release|Any CPU.ActiveCfg = Release|Any CPU
		{B8FA83C0-94F6-445D-AE62-B03466BE6630}.Release|Any CPU.Build.0 = Release|Any CPU
		{11110B7A-53B8-4A11-A0AE-457E1F787635}.Debug|Any CPU.ActiveCfg = Debug|Any CPU
		{11110B7A-53B8-4A11-A0AE-457E1F787635}.Debug|Any CPU.Build.0 = Debug|Any CPU
		{11110B7A-53B8-4A11-A0AE-457E1F787635}.Release|Any CPU.ActiveCfg = Release|Any CPU
		{11110B7A-53B8-4A11-A0AE-457E1F787635}.Release|Any CPU.Build.0 = Release|Any CPU
		{D34212C4-8E17-4BEB-8623-935E4E17A14A}.Debug|Any CPU.ActiveCfg = Debug|Any CPU
		{D34212C4-8E17-4BEB-8623-935E4E17A14A}.Debug|Any CPU.Build.0 = Debug|Any CPU
		{D34212C4-8E17-4BEB-8623-935E4E17A14A}.Release|Any CPU.ActiveCfg = Release|Any CPU
		{D34212C4-8E17-4BEB-8623-935E4E17A14A}.Release|Any CPU.Build.0 = Release|Any CPU
		{EB79C227-04BD-43CF-914D-19FADC3097ED}.Debug|Any CPU.ActiveCfg = Debug|Any CPU
		{EB79C227-04BD-43CF-914D-19FADC3097ED}.Debug|Any CPU.Build.0 = Debug|Any CPU
		{EB79C227-04BD-43CF-914D-19FADC3097ED}.Release|Any CPU.ActiveCfg = Release|Any CPU
		{EB79C227-04BD-43CF-914D-19FADC3097ED}.Release|Any CPU.Build.0 = Release|Any CPU
	EndGlobalSection
	GlobalSection(SolutionProperties) = preSolution
		HideSolutionNode = FALSE
	EndGlobalSection
	GlobalSection(ExtensibilityGlobals) = postSolution
		SolutionGuid = {313E76E0-4219-4393-B55B-559E9DBAAD57}
	EndGlobalSection
EndGlobal
